
Microsoft Visual Studio Solution File, Format Version 12.00
# Visual Studio 2013
VisualStudioVersion = 12.0.21005.1
MinimumVisualStudioVersion = 10.0.40219.1
Project("{FAE04EC0-301F-11D3-BF4B-00C04F79EFBC}") = "Proy_Ingles", "Proy_EnglishPlatform\Proy_Ingles.csproj", "{EA56EDC2-330F-4E35-9108-C0249B987778}"
EndProject
Project("{2150E333-8FDC-42A3-9474-1A3956D46DE8}") = "2.1 Presentacion", "2.1 Presentacion", "{AE269687-5552-4699-ACC8-5BBFEFE2B2BB}"
EndProject
Project("{2150E333-8FDC-42A3-9474-1A3956D46DE8}") = "2.2 Servicio", "2.2 Servicio", "{30FDDB71-A49F-48E8-AA1C-0442DBC8D258}"
EndProject
Project("{2150E333-8FDC-42A3-9474-1A3956D46DE8}") = "2.3 Dominio", "2.3 Dominio", "{B8AAA117-5502-4744-9D75-6A3471B80AAE}"
EndProject
Project("{2150E333-8FDC-42A3-9474-1A3956D46DE8}") = "2.4 Infraestructura", "2.4 Infraestructura", "{D75CA5AB-710E-4DBE-A8DE-446B14040F52}"
EndProject
Project("{2150E333-8FDC-42A3-9474-1A3956D46DE8}") = "Core", "Core", "{5097910D-4350-4072-9737-4F94683F76EA}"
EndProject
Project("{2150E333-8FDC-42A3-9474-1A3956D46DE8}") = "Main Module", "Main Module", "{75A5E443-3F5E-4C80-A900-3ADD47C9EE40}"
EndProject
Project("{FAE04EC0-301F-11D3-BF4B-00C04F79EFBC}") = "Dominio.Core.Entities", "Dominio.Core.Entities\Dominio.Core.Entities.csproj", "{A7DE47DF-FCC0-4827-AE80-6A9557FE438B}"
EndProject
Project("{FAE04EC0-301F-11D3-BF4B-00C04F79EFBC}") = "Domino.MainModule", "Domino.MainModule\Domino.MainModule.csproj", "{BC1DDDAB-C446-4646-B43D-DADE5A4957E4}"
EndProject
Project("{FAE04EC0-301F-11D3-BF4B-00C04F79EFBC}") = "Infraestructura.Data.SQLServer", "Infraestructura.Data.SQLServer\Infraestructura.Data.SQLServer.csproj", "{A8436766-A6BE-4336-B5BE-AF2C319D1E0D}"
EndProject
Global
	GlobalSection(SolutionConfigurationPlatforms) = preSolution
		Debug|Any CPU = Debug|Any CPU
		Release|Any CPU = Release|Any CPU
	EndGlobalSection
	GlobalSection(ProjectConfigurationPlatforms) = postSolution
		{EA56EDC2-330F-4E35-9108-C0249B987778}.Debug|Any CPU.ActiveCfg = Debug|Any CPU
		{EA56EDC2-330F-4E35-9108-C0249B987778}.Debug|Any CPU.Build.0 = Debug|Any CPU
		{EA56EDC2-330F-4E35-9108-C0249B987778}.Release|Any CPU.ActiveCfg = Release|Any CPU
		{EA56EDC2-330F-4E35-9108-C0249B987778}.Release|Any CPU.Build.0 = Release|Any CPU
		{A7DE47DF-FCC0-4827-AE80-6A9557FE438B}.Debug|Any CPU.ActiveCfg = Debug|Any CPU
		{A7DE47DF-FCC0-4827-AE80-6A9557FE438B}.Debug|Any CPU.Build.0 = Debug|Any CPU
		{A7DE47DF-FCC0-4827-AE80-6A9557FE438B}.Release|Any CPU.ActiveCfg = Release|Any CPU
		{A7DE47DF-FCC0-4827-AE80-6A9557FE438B}.Release|Any CPU.Build.0 = Release|Any CPU
		{BC1DDDAB-C446-4646-B43D-DADE5A4957E4}.Debug|Any CPU.ActiveCfg = Debug|Any CPU
		{BC1DDDAB-C446-4646-B43D-DADE5A4957E4}.Debug|Any CPU.Build.0 = Debug|Any CPU
		{BC1DDDAB-C446-4646-B43D-DADE5A4957E4}.Release|Any CPU.ActiveCfg = Release|Any CPU
		{BC1DDDAB-C446-4646-B43D-DADE5A4957E4}.Release|Any CPU.Build.0 = Release|Any CPU
		{A8436766-A6BE-4336-B5BE-AF2C319D1E0D}.Debug|Any CPU.ActiveCfg = Debug|Any CPU
		{A8436766-A6BE-4336-B5BE-AF2C319D1E0D}.Debug|Any CPU.Build.0 = Debug|Any CPU
		{A8436766-A6BE-4336-B5BE-AF2C319D1E0D}.Release|Any CPU.ActiveCfg = Release|Any CPU
		{A8436766-A6BE-4336-B5BE-AF2C319D1E0D}.Release|Any CPU.Build.0 = Release|Any CPU
	EndGlobalSection
	GlobalSection(SolutionProperties) = preSolution
		HideSolutionNode = FALSE
	EndGlobalSection
	GlobalSection(NestedProjects) = preSolution
		{EA56EDC2-330F-4E35-9108-C0249B987778} = {AE269687-5552-4699-ACC8-5BBFEFE2B2BB}
		{5097910D-4350-4072-9737-4F94683F76EA} = {B8AAA117-5502-4744-9D75-6A3471B80AAE}
		{75A5E443-3F5E-4C80-A900-3ADD47C9EE40} = {B8AAA117-5502-4744-9D75-6A3471B80AAE}
		{A8436766-A6BE-4336-B5BE-AF2C319D1E0D} = {D75CA5AB-710E-4DBE-A8DE-446B14040F52}
		{A7DE47DF-FCC0-4827-AE80-6A9557FE438B} = {5097910D-4350-4072-9737-4F94683F76EA}
		{BC1DDDAB-C446-4646-B43D-DADE5A4957E4} = {75A5E443-3F5E-4C80-A900-3ADD47C9EE40}
	EndGlobalSection
EndGlobal
